
Microsoft Visual Studio Solution File, Format Version 9.00
# Visual Studio 2005
Project("{FAE04EC0-301F-11D3-BF4B-00C04F79EFBC}") = "NumUtils", "NumUtils\NumUtils.csproj", "{0D19C1CC-A546-4B13-91D2-B513C3EE702D}"
	ProjectSection(WebsiteProperties) = preProject
		Debug.AspNetCompiler.Debug = "True"
		Release.AspNetCompiler.Debug = "False"
	EndProjectSection
EndProject
Project("{FAE04EC0-301F-11D3-BF4B-00C04F79EFBC}") = "NumUtilsTests", "NumUtilsTests\NumUtilsTests.csproj", "{0B69D2A6-2BF9-4E34-8E66-60B6D2634AF0}"
	ProjectSection(WebsiteProperties) = preProject
		Debug.AspNetCompiler.Debug = "True"
		Release.AspNetCompiler.Debug = "False"
	EndProjectSection
EndProject
Global
	GlobalSection(SolutionConfigurationPlatforms) = preSolution
		Debug|Any CPU = Debug|Any CPU
		Release|Any CPU = Release|Any CPU
	EndGlobalSection
	GlobalSection(ProjectConfigurationPlatforms) = postSolution
		{0D19C1CC-A546-4B13-91D2-B513C3EE702D}.Debug|Any CPU.ActiveCfg = Debug|Any CPU
		{0D19C1CC-A546-4B13-91D2-B513C3EE702D}.Debug|Any CPU.Build.0 = Debug|Any CPU
		{0D19C1CC-A546-4B13-91D2-B513C3EE702D}.Release|Any CPU.ActiveCfg = Release|Any CPU
		{0D19C1CC-A546-4B13-91D2-B513C3EE702D}.Release|Any CPU.Build.0 = Release|Any CPU
		{0B69D2A6-2BF9-4E34-8E66-60B6D2634AF0}.Debug|Any CPU.ActiveCfg = Debug|Any CPU
		{0B69D2A6-2BF9-4E34-8E66-60B6D2634AF0}.Debug|Any CPU.Build.0 = Debug|Any CPU
		{0B69D2A6-2BF9-4E34-8E66-60B6D2634AF0}.Release|Any CPU.ActiveCfg = Release|Any CPU
		{0B69D2A6-2BF9-4E34-8E66-60B6D2634AF0}.Release|Any CPU.Build.0 = Release|Any CPU
	EndGlobalSection
	GlobalSection(SolutionProperties) = preSolution
		HideSolutionNode = FALSE
	EndGlobalSection
EndGlobal
